
Microsoft Visual Studio Solution File, Format Version 12.00
# Visual Studio 14
VisualStudioVersion = 14.0.25420.1
MinimumVisualStudioVersion = 10.0.40219.1
Project("{FAE04EC0-301F-11D3-BF4B-00C04F79EFBC}") = "DynamicWeb", "DynamicWeb\DynamicWeb.csproj", "{027D3691-AFE1-40ED-BBD4-01AC3D27CF19}"
EndProject
Project("{FAE04EC0-301F-11D3-BF4B-00C04F79EFBC}") = "DynamicWeb.Tests", "DynamicWeb.Tests\DynamicWeb.Tests.csproj", "{C40F874B-21CB-4241-BA08-DBB5516CFD43}"
EndProject
Global
	GlobalSection(SolutionConfigurationPlatforms) = preSolution
		Debug|Any CPU = Debug|Any CPU
		Release|Any CPU = Release|Any CPU
	EndGlobalSection
	GlobalSection(ProjectConfigurationPlatforms) = postSolution
		{027D3691-AFE1-40ED-BBD4-01AC3D27CF19}.Debug|Any CPU.ActiveCfg = Debug|Any CPU
		{027D3691-AFE1-40ED-BBD4-01AC3D27CF19}.Debug|Any CPU.Build.0 = Debug|Any CPU
		{027D3691-AFE1-40ED-BBD4-01AC3D27CF19}.Release|Any CPU.ActiveCfg = Release|Any CPU
		{027D3691-AFE1-40ED-BBD4-01AC3D27CF19}.Release|Any CPU.Build.0 = Release|Any CPU
		{C40F874B-21CB-4241-BA08-DBB5516CFD43}.Debug|Any CPU.ActiveCfg = Debug|Any CPU
		{C40F874B-21CB-4241-BA08-DBB5516CFD43}.Debug|Any CPU.Build.0 = Debug|Any CPU
		{C40F874B-21CB-4241-BA08-DBB5516CFD43}.Release|Any CPU.ActiveCfg = Release|Any CPU
		{C40F874B-21CB-4241-BA08-DBB5516CFD43}.Release|Any CPU.Build.0 = Release|Any CPU
	EndGlobalSection
	GlobalSection(SolutionProperties) = preSolution
		HideSolutionNode = FALSE
	EndGlobalSection
EndGlobal
